{
  "version": 4,
  "terraform_version": "1.3.9",
  "serial": 71,
  "lineage": "3597714f-c0f8-ff44-cd3b-484f21feabd2",
  "outputs": {
    "app_service_url": {
      "value": "orcla-terraform-app-service.azurewebsites.net",
      "type": "string"
    },
    "app_service_url2": {
      "value": "orcla-terraform-manuel.azurewebsites.net",
      "type": "string"
    }
  },
  "resources": [
    {
      "mode": "data",
      "type": "azurerm_resource_group",
      "name": "existing",
      "provider": "provider[\"registry.terraform.io/hashicorp/azurerm\"]",
      "instances": [
        {
          "schema_version": 0,
          "attributes": {
            "id": "/subscriptions/23dde549-1c59-4a9a-b805-6a924c94f423/resourceGroups/orcla-dev3",
            "location": "westeurope",
            "name": "orcla-dev3",
            "tags": {},
            "timeouts": null
          },
          "sensitive_attributes": []
        }
      ]
    },
    {
      "mode": "managed",
      "type": "azurerm_app_service",
      "name": "orcla-terraform-app-service",
      "provider": "provider[\"registry.terraform.io/hashicorp/azurerm\"]",
      "instances": [
        {
          "schema_version": 0,
          "attributes": {
            "app_service_plan_id": "/subscriptions/23dde549-1c59-4a9a-b805-6a924c94f423/resourceGroups/orcla-dev3/providers/Microsoft.Web/serverfarms/orcla-app-service-plan",
            "app_settings": {
              "DOCKER_REGISTRY_SERVER_PASSWORD": "WN/rU4iWV2NxqG4SQxFuNUp9fEcEgXSr",
              "DOCKER_REGISTRY_SERVER_URL": "orcladev3.azurecr.io",
              "DOCKER_REGISTRY_SERVER_USERNAME": "orcladev3",
              "WEBSITES_ENABLE_APP_SERVICE_STORAGE": "false"
            },
            "auth_settings": [
              {
                "active_directory": [],
                "additional_login_params": {},
                "allowed_external_redirect_urls": [],
                "default_provider": "",
                "enabled": false,
                "facebook": [],
                "google": [],
                "issuer": "",
                "microsoft": [],
                "runtime_version": "",
                "token_refresh_extension_hours": 0,
                "token_store_enabled": false,
                "twitter": [],
                "unauthenticated_client_action": ""
              }
            ],
            "backup": [],
            "client_affinity_enabled": false,
            "client_cert_enabled": false,
            "client_cert_mode": "Required",
            "connection_string": [],
            "custom_domain_verification_id": "A971CEF95597E2F5CCAEADCDECD4EF3D34B7B96527105AF1E649B1F106642780",
            "default_site_hostname": "orcla-terraform-app-service.azurewebsites.net",
            "enabled": true,
            "https_only": false,
            "id": "/subscriptions/23dde549-1c59-4a9a-b805-6a924c94f423/resourceGroups/orcla-dev3/providers/Microsoft.Web/sites/orcla-terraform-app-service",
            "identity": [],
            "key_vault_reference_identity_id": "SystemAssigned",
            "location": "westeurope",
            "logs": [
              {
                "application_logs": [
                  {
                    "azure_blob_storage": [],
                    "file_system_level": "Off"
                  }
                ],
                "detailed_error_messages_enabled": false,
                "failed_request_tracing_enabled": false,
                "http_logs": [
                  {
                    "azure_blob_storage": [],
                    "file_system": []
                  }
                ]
              }
            ],
            "name": "orcla-terraform-app-service",
            "outbound_ip_address_list": [
              "20.50.183.44",
              "51.105.221.68",
              "20.50.183.56",
              "20.50.179.215",
              "51.138.103.44",
              "52.149.107.233",
              "20.50.2.12"
            ],
            "outbound_ip_addresses": "20.50.183.44,51.105.221.68,20.50.183.56,20.50.179.215,51.138.103.44,52.149.107.233,20.50.2.12",
            "possible_outbound_ip_address_list": [
              "51.105.216.233",
              "51.138.15.92",
              "20.50.181.181",
              "20.50.182.0",
              "20.50.182.14",
              "51.138.102.28",
              "20.50.182.113",
              "20.50.182.138",
              "20.50.182.216",
              "20.50.182.227",
              "20.50.182.250",
              "20.50.183.19",
              "20.50.183.44",
              "51.105.221.68",
              "20.50.183.56",
              "20.50.179.215",
              "51.138.103.44",
              "52.149.107.233",
              "51.136.87.138",
              "51.138.121.208",
              "51.138.121.219",
              "51.138.121.250",
              "51.138.122.3",
              "51.138.122.14",
              "20.50.2.12"
            ],
            "possible_outbound_ip_addresses": "51.105.216.233,51.138.15.92,20.50.181.181,20.50.182.0,20.50.182.14,51.138.102.28,20.50.182.113,20.50.182.138,20.50.182.216,20.50.182.227,20.50.182.250,20.50.183.19,20.50.183.44,51.105.221.68,20.50.183.56,20.50.179.215,51.138.103.44,52.149.107.233,51.136.87.138,51.138.121.208,51.138.121.219,51.138.121.250,51.138.122.3,51.138.122.14,20.50.2.12",
            "resource_group_name": "orcla-dev3",
            "site_config": [
              {
                "acr_use_managed_identity_credentials": false,
                "acr_user_managed_identity_client_id": "",
                "always_on": true,
                "app_command_line": "",
                "auto_swap_slot_name": "",
                "cors": [
                  {
                    "allowed_origins": [],
                    "support_credentials": false
                  }
                ],
                "default_documents": [],
                "dotnet_framework_version": "v4.0",
                "ftps_state": "FtpsOnly",
                "health_check_path": "",
                "http2_enabled": false,
                "ip_restriction": [],
                "java_container": "",
                "java_container_version": "",
                "java_version": "",
                "linux_fx_version": "DOCKER|orcladev3.azurecr.io/terraform-demo:initial",
                "local_mysql_enabled": false,
                "managed_pipeline_mode": "Integrated",
                "min_tls_version": "1.2",
                "number_of_workers": 1,
                "php_version": "",
                "python_version": "",
                "remote_debugging_enabled": false,
                "remote_debugging_version": "VS2019",
                "scm_ip_restriction": [],
                "scm_type": "None",
                "scm_use_main_ip_restriction": false,
                "use_32_bit_worker_process": true,
                "vnet_route_all_enabled": false,
                "websockets_enabled": false,
                "windows_fx_version": ""
              }
            ],
            "site_credential": [
              {
                "password": "1Bfv8YqdLPmmfFQlsQscXekiGhBqjx28gLlKTkT29BuedyBRRgkaojtEosz7",
                "username": "$orcla-terraform-app-service"
              }
            ],
            "source_control": [
              {
                "branch": "main",
                "manual_integration": false,
                "repo_url": "",
                "rollback_enabled": false,
                "use_mercurial": false
              }
            ],
            "storage_account": [],
            "tags": {},
            "timeouts": null
          },
          "sensitive_attributes": [],
          "private": "eyJlMmJmYjczMC1lY2FhLTExZTYtOGY4OC0zNDM2M2JjN2M0YzAiOnsiY3JlYXRlIjoxODAwMDAwMDAwMDAwLCJkZWxldGUiOjE4MDAwMDAwMDAwMDAsInJlYWQiOjMwMDAwMDAwMDAwMCwidXBkYXRlIjoxODAwMDAwMDAwMDAwfX0=",
          "dependencies": [
            "azurerm_app_service_plan.terraform-app-service-plan",
            "data.azurerm_resource_group.existing"
          ]
        }
      ]
    },
    {
      "mode": "managed",
      "type": "azurerm_app_service",
      "name": "orcla-terraform-manuel",
      "provider": "provider[\"registry.terraform.io/hashicorp/azurerm\"]",
      "instances": [
        {
          "schema_version": 0,
          "attributes": {
            "app_service_plan_id": "/subscriptions/23dde549-1c59-4a9a-b805-6a924c94f423/resourceGroups/orcla-dev3/providers/Microsoft.Web/serverfarms/orcla-app-service-plan",
            "app_settings": {
              "DOCKER_REGISTRY_SERVER_PASSWORD": "WN/rU4iWV2NxqG4SQxFuNUp9fEcEgXSr",
              "DOCKER_REGISTRY_SERVER_URL": "orcladev3.azurecr.io",
              "DOCKER_REGISTRY_SERVER_USERNAME": "orcladev3",
              "WEBSITES_ENABLE_APP_SERVICE_STORAGE": "false",
              "WEBSITES_PORT": "3000"
            },
            "auth_settings": [
              {
                "active_directory": [],
                "additional_login_params": {},
                "allowed_external_redirect_urls": [],
                "default_provider": "",
                "enabled": false,
                "facebook": [],
                "google": [],
                "issuer": "",
                "microsoft": [],
                "runtime_version": "",
                "token_refresh_extension_hours": 0,
                "token_store_enabled": false,
                "twitter": [],
                "unauthenticated_client_action": ""
              }
            ],
            "backup": [],
            "client_affinity_enabled": false,
            "client_cert_enabled": false,
            "client_cert_mode": "Required",
            "connection_string": [],
            "custom_domain_verification_id": "A971CEF95597E2F5CCAEADCDECD4EF3D34B7B96527105AF1E649B1F106642780",
            "default_site_hostname": "orcla-terraform-manuel.azurewebsites.net",
            "enabled": true,
            "https_only": false,
            "id": "/subscriptions/23dde549-1c59-4a9a-b805-6a924c94f423/resourceGroups/orcla-dev3/providers/Microsoft.Web/sites/orcla-terraform-manuel",
            "identity": [],
            "key_vault_reference_identity_id": "SystemAssigned",
            "location": "westeurope",
            "logs": [
              {
                "application_logs": [
                  {
                    "azure_blob_storage": [],
                    "file_system_level": "Off"
                  }
                ],
                "detailed_error_messages_enabled": false,
                "failed_request_tracing_enabled": false,
                "http_logs": [
                  {
                    "azure_blob_storage": [],
                    "file_system": []
                  }
                ]
              }
            ],
            "name": "orcla-terraform-manuel",
            "outbound_ip_address_list": [
              "20.50.183.44",
              "51.105.221.68",
              "20.50.183.56",
              "20.50.179.215",
              "51.138.103.44",
              "52.149.107.233",
              "20.50.2.12"
            ],
            "outbound_ip_addresses": "20.50.183.44,51.105.221.68,20.50.183.56,20.50.179.215,51.138.103.44,52.149.107.233,20.50.2.12",
            "possible_outbound_ip_address_list": [
              "51.105.216.233",
              "51.138.15.92",
              "20.50.181.181",
              "20.50.182.0",
              "20.50.182.14",
              "51.138.102.28",
              "20.50.182.113",
              "20.50.182.138",
              "20.50.182.216",
              "20.50.182.227",
              "20.50.182.250",
              "20.50.183.19",
              "20.50.183.44",
              "51.105.221.68",
              "20.50.183.56",
              "20.50.179.215",
              "51.138.103.44",
              "52.149.107.233",
              "51.136.87.138",
              "51.138.121.208",
              "51.138.121.219",
              "51.138.121.250",
              "51.138.122.3",
              "51.138.122.14",
              "20.50.2.12"
            ],
            "possible_outbound_ip_addresses": "51.105.216.233,51.138.15.92,20.50.181.181,20.50.182.0,20.50.182.14,51.138.102.28,20.50.182.113,20.50.182.138,20.50.182.216,20.50.182.227,20.50.182.250,20.50.183.19,20.50.183.44,51.105.221.68,20.50.183.56,20.50.179.215,51.138.103.44,52.149.107.233,51.136.87.138,51.138.121.208,51.138.121.219,51.138.121.250,51.138.122.3,51.138.122.14,20.50.2.12",
            "resource_group_name": "orcla-dev3",
            "site_config": [
              {
                "acr_use_managed_identity_credentials": false,
                "acr_user_managed_identity_client_id": "",
                "always_on": true,
                "app_command_line": "",
                "auto_swap_slot_name": "",
                "cors": [
                  {
                    "allowed_origins": [],
                    "support_credentials": false
                  }
                ],
                "default_documents": [],
                "dotnet_framework_version": "v4.0",
                "ftps_state": "FtpsOnly",
                "health_check_path": "",
                "http2_enabled": false,
                "ip_restriction": [],
                "java_container": "",
                "java_container_version": "",
                "java_version": "",
                "linux_fx_version": "DOCKER|orcladev3.azurecr.io/terraform-demo:grafana",
                "local_mysql_enabled": false,
                "managed_pipeline_mode": "Integrated",
                "min_tls_version": "1.2",
                "number_of_workers": 1,
                "php_version": "",
                "python_version": "",
                "remote_debugging_enabled": false,
                "remote_debugging_version": "VS2019",
                "scm_ip_restriction": [],
                "scm_type": "None",
                "scm_use_main_ip_restriction": false,
                "use_32_bit_worker_process": true,
                "vnet_route_all_enabled": false,
                "websockets_enabled": false,
                "windows_fx_version": ""
              }
            ],
            "site_credential": [
              {
                "password": "Fd2vBRycoPX6jwslCo76Z3a0vug6AhuMuZpmvDbwJpsx9cJYfigtz0Ms94Jt",
                "username": "$orcla-terraform-manuel"
              }
            ],
            "source_control": [
              {
                "branch": "main",
                "manual_integration": false,
                "repo_url": "",
                "rollback_enabled": false,
                "use_mercurial": false
              }
            ],
            "storage_account": [],
            "tags": {},
            "timeouts": null
          },
          "sensitive_attributes": [],
          "private": "eyJlMmJmYjczMC1lY2FhLTExZTYtOGY4OC0zNDM2M2JjN2M0YzAiOnsiY3JlYXRlIjoxODAwMDAwMDAwMDAwLCJkZWxldGUiOjE4MDAwMDAwMDAwMDAsInJlYWQiOjMwMDAwMDAwMDAwMCwidXBkYXRlIjoxODAwMDAwMDAwMDAwfX0=",
          "dependencies": [
            "azurerm_app_service_plan.terraform-app-service-plan",
            "data.azurerm_resource_group.existing"
          ]
        }
      ]
    },
    {
      "mode": "managed",
      "type": "azurerm_app_service_plan",
      "name": "terraform-app-service-plan",
      "provider": "provider[\"registry.terraform.io/hashicorp/azurerm\"]",
      "instances": [
        {
          "schema_version": 0,
          "attributes": {
            "app_service_environment_id": "",
            "id": "/subscriptions/23dde549-1c59-4a9a-b805-6a924c94f423/resourceGroups/orcla-dev3/providers/Microsoft.Web/serverfarms/orcla-app-service-plan",
            "is_xenon": false,
            "kind": "linux",
            "location": "westeurope",
            "maximum_elastic_worker_count": 1,
            "maximum_number_of_workers": 30,
            "name": "orcla-app-service-plan",
            "per_site_scaling": false,
            "reserved": true,
            "resource_group_name": "orcla-dev3",
            "sku": [
              {
                "capacity": 1,
                "size": "P1v3",
                "tier": "PremiumV3"
              }
            ],
            "tags": {},
            "timeouts": null,
            "zone_redundant": false
          },
          "sensitive_attributes": [],
          "private": "eyJlMmJmYjczMC1lY2FhLTExZTYtOGY4OC0zNDM2M2JjN2M0YzAiOnsiY3JlYXRlIjozNjAwMDAwMDAwMDAwLCJkZWxldGUiOjM2MDAwMDAwMDAwMDAsInJlYWQiOjMwMDAwMDAwMDAwMCwidXBkYXRlIjozNjAwMDAwMDAwMDAwfX0=",
          "dependencies": [
            "data.azurerm_resource_group.existing"
          ]
        }
      ]
    },
    {
      "mode": "managed",
      "type": "azurerm_app_service_plan",
      "name": "webapp-plan_name",
      "provider": "provider[\"registry.terraform.io/hashicorp/azurerm\"]",
      "instances": [
        {
          "schema_version": 0,
          "attributes": {
            "app_service_environment_id": "",
            "id": "/subscriptions/23dde549-1c59-4a9a-b805-6a924c94f423/resourceGroups/orcla-dev3/providers/Microsoft.Web/serverfarms/webapp-plan",
            "is_xenon": false,
            "kind": "linux",
            "location": "westeurope",
            "maximum_elastic_worker_count": 1,
            "maximum_number_of_workers": 30,
            "name": "webapp-plan",
            "per_site_scaling": false,
            "reserved": true,
            "resource_group_name": "orcla-dev3",
            "sku": [
              {
                "capacity": 1,
                "size": "P2v2",
                "tier": "PremiumV2"
              }
            ],
            "tags": {},
            "timeouts": null,
            "zone_redundant": false
          },
          "sensitive_attributes": [],
          "private": "eyJlMmJmYjczMC1lY2FhLTExZTYtOGY4OC0zNDM2M2JjN2M0YzAiOnsiY3JlYXRlIjozNjAwMDAwMDAwMDAwLCJkZWxldGUiOjM2MDAwMDAwMDAwMDAsInJlYWQiOjMwMDAwMDAwMDAwMCwidXBkYXRlIjozNjAwMDAwMDAwMDAwfSwic2NoZW1hX3ZlcnNpb24iOiIwIn0="
        }
      ]
    },
    {
      "mode": "managed",
      "type": "azurerm_container_registry",
      "name": "example",
      "provider": "provider[\"registry.terraform.io/hashicorp/azurerm\"]",
      "instances": [
        {
          "schema_version": 2,
          "attributes": {
            "admin_enabled": true,
            "admin_password": "WN/rU4iWV2NxqG4SQxFuNUp9fEcEgXSr",
            "admin_username": "orcladev3",
            "anonymous_pull_enabled": false,
            "data_endpoint_enabled": false,
            "encryption": [
              {
                "enabled": false,
                "identity_client_id": "",
                "key_vault_key_id": ""
              }
            ],
            "export_policy_enabled": true,
            "georeplications": [],
            "id": "/subscriptions/23dde549-1c59-4a9a-b805-6a924c94f423/resourceGroups/orcla-dev3/providers/Microsoft.ContainerRegistry/registries/orcladev3",
            "identity": [],
            "location": "westeurope",
            "login_server": "orcladev3.azurecr.io",
            "name": "orcladev3",
            "network_rule_bypass_option": "AzureServices",
            "network_rule_set": [],
            "public_network_access_enabled": true,
            "quarantine_policy_enabled": false,
            "resource_group_name": "orcla-dev3",
            "retention_policy": [
              {
                "days": 7,
                "enabled": false
              }
            ],
            "sku": "Standard",
            "tags": {},
            "timeouts": null,
            "trust_policy": [
              {
                "enabled": false
              }
            ],
            "zone_redundancy_enabled": false
          },
          "sensitive_attributes": [],
          "private": "eyJlMmJmYjczMC1lY2FhLTExZTYtOGY4OC0zNDM2M2JjN2M0YzAiOnsiY3JlYXRlIjoxODAwMDAwMDAwMDAwLCJkZWxldGUiOjE4MDAwMDAwMDAwMDAsInJlYWQiOjMwMDAwMDAwMDAwMCwidXBkYXRlIjoxODAwMDAwMDAwMDAwfSwic2NoZW1hX3ZlcnNpb24iOiIyIn0=",
          "dependencies": [
            "data.azurerm_resource_group.existing"
          ]
        }
      ]
    }
  ],
  "check_results": null
}
